
Microsoft Visual Studio Solution File, Format Version 12.00
# Visual Studio Version 17
VisualStudioVersion = 17.9.34728.123
MinimumVisualStudioVersion = 10.0.40219.1
Project("{9A19103F-16F7-4668-BE54-9A1E7A4F7556}") = "Models", "Models\Models.csproj", "{693E1D35-C6B7-4412-9B7B-01F8A51C0058}"
EndProject
Project("{9A19103F-16F7-4668-BE54-9A1E7A4F7556}") = "Repositories", "Repositories\Repositories.csproj", "{86124C50-B95B-4674-BD63-A305D3F4B26B}"
EndProject
Project("{9A19103F-16F7-4668-BE54-9A1E7A4F7556}") = "Services", "Services\Services.csproj", "{9057E2B6-2BFF-4E28-912B-A9235EAAE2F3}"
EndProject
Project("{9A19103F-16F7-4668-BE54-9A1E7A4F7556}") = "APIAndreVehicles.Car", "APIAndreVehicles.Car\APIAndreVehicles.Car.csproj", "{6A34C368-C713-49F9-B43B-339717C5575F}"
EndProject
Project("{FAE04EC0-301F-11D3-BF4B-00C04F79EFBC}") = "APIAndreVehicles.DataBaseManager", "APIAndreVehicles.DataBaseManager\APIAndreVehicles.DataBaseManager.csproj", "{4ECEE3C1-EE1A-41B1-945F-2D1CB59035BB}"
EndProject
Project("{FAE04EC0-301F-11D3-BF4B-00C04F79EFBC}") = "APIAndreVehicles.Operation", "APIAndreVehicles.Operation\APIAndreVehicles.Operation.csproj", "{17D1A564-6D1E-4FEE-A497-5D3D2C4F7C5B}"
EndProject
Project("{FAE04EC0-301F-11D3-BF4B-00C04F79EFBC}") = "APIAndreVehicles.Buy", "APIAndreVehicles.Buy\APIAndreVehicles.Buy.csproj", "{6BC42119-761B-4011-9A14-076F1285C03E}"
EndProject
Project("{FAE04EC0-301F-11D3-BF4B-00C04F79EFBC}") = "APIAndreVehicles.Client", "APIAndreVehicles.Client\APIAndreVehicles.Client.csproj", "{37FFAB7F-26DE-492C-99F0-4FEFC8F8AB13}"
EndProject
Project("{FAE04EC0-301F-11D3-BF4B-00C04F79EFBC}") = "APIAndreVehicles.Employee", "APIAndreVehicles.Employee\APIAndreVehicles.Employee.csproj", "{CE23ED97-0EFD-439B-BD42-58FECEC76CFC}"
EndProject
Global
	GlobalSection(SolutionConfigurationPlatforms) = preSolution
		Debug|Any CPU = Debug|Any CPU
		Release|Any CPU = Release|Any CPU
	EndGlobalSection
	GlobalSection(ProjectConfigurationPlatforms) = postSolution
		{693E1D35-C6B7-4412-9B7B-01F8A51C0058}.Debug|Any CPU.ActiveCfg = Debug|Any CPU
		{693E1D35-C6B7-4412-9B7B-01F8A51C0058}.Debug|Any CPU.Build.0 = Debug|Any CPU
		{693E1D35-C6B7-4412-9B7B-01F8A51C0058}.Release|Any CPU.ActiveCfg = Release|Any CPU
		{693E1D35-C6B7-4412-9B7B-01F8A51C0058}.Release|Any CPU.Build.0 = Release|Any CPU
		{86124C50-B95B-4674-BD63-A305D3F4B26B}.Debug|Any CPU.ActiveCfg = Debug|Any CPU
		{86124C50-B95B-4674-BD63-A305D3F4B26B}.Debug|Any CPU.Build.0 = Debug|Any CPU
		{86124C50-B95B-4674-BD63-A305D3F4B26B}.Release|Any CPU.ActiveCfg = Release|Any CPU
		{86124C50-B95B-4674-BD63-A305D3F4B26B}.Release|Any CPU.Build.0 = Release|Any CPU
		{9057E2B6-2BFF-4E28-912B-A9235EAAE2F3}.Debug|Any CPU.ActiveCfg = Debug|Any CPU
		{9057E2B6-2BFF-4E28-912B-A9235EAAE2F3}.Debug|Any CPU.Build.0 = Debug|Any CPU
		{9057E2B6-2BFF-4E28-912B-A9235EAAE2F3}.Release|Any CPU.ActiveCfg = Release|Any CPU
		{9057E2B6-2BFF-4E28-912B-A9235EAAE2F3}.Release|Any CPU.Build.0 = Release|Any CPU
		{6A34C368-C713-49F9-B43B-339717C5575F}.Debug|Any CPU.ActiveCfg = Debug|Any CPU
		{6A34C368-C713-49F9-B43B-339717C5575F}.Debug|Any CPU.Build.0 = Debug|Any CPU
		{6A34C368-C713-49F9-B43B-339717C5575F}.Release|Any CPU.ActiveCfg = Release|Any CPU
		{6A34C368-C713-49F9-B43B-339717C5575F}.Release|Any CPU.Build.0 = Release|Any CPU
		{4ECEE3C1-EE1A-41B1-945F-2D1CB59035BB}.Debug|Any CPU.ActiveCfg = Debug|Any CPU
		{4ECEE3C1-EE1A-41B1-945F-2D1CB59035BB}.Debug|Any CPU.Build.0 = Debug|Any CPU
		{4ECEE3C1-EE1A-41B1-945F-2D1CB59035BB}.Release|Any CPU.ActiveCfg = Release|Any CPU
		{4ECEE3C1-EE1A-41B1-945F-2D1CB59035BB}.Release|Any CPU.Build.0 = Release|Any CPU
		{17D1A564-6D1E-4FEE-A497-5D3D2C4F7C5B}.Debug|Any CPU.ActiveCfg = Debug|Any CPU
		{17D1A564-6D1E-4FEE-A497-5D3D2C4F7C5B}.Debug|Any CPU.Build.0 = Debug|Any CPU
		{17D1A564-6D1E-4FEE-A497-5D3D2C4F7C5B}.Release|Any CPU.ActiveCfg = Release|Any CPU
		{17D1A564-6D1E-4FEE-A497-5D3D2C4F7C5B}.Release|Any CPU.Build.0 = Release|Any CPU
		{6BC42119-761B-4011-9A14-076F1285C03E}.Debug|Any CPU.ActiveCfg = Debug|Any CPU
		{6BC42119-761B-4011-9A14-076F1285C03E}.Debug|Any CPU.Build.0 = Debug|Any CPU
		{6BC42119-761B-4011-9A14-076F1285C03E}.Release|Any CPU.ActiveCfg = Release|Any CPU
		{6BC42119-761B-4011-9A14-076F1285C03E}.Release|Any CPU.Build.0 = Release|Any CPU
		{37FFAB7F-26DE-492C-99F0-4FEFC8F8AB13}.Debug|Any CPU.ActiveCfg = Debug|Any CPU
		{37FFAB7F-26DE-492C-99F0-4FEFC8F8AB13}.Debug|Any CPU.Build.0 = Debug|Any CPU
		{37FFAB7F-26DE-492C-99F0-4FEFC8F8AB13}.Release|Any CPU.ActiveCfg = Release|Any CPU
		{37FFAB7F-26DE-492C-99F0-4FEFC8F8AB13}.Release|Any CPU.Build.0 = Release|Any CPU
		{CE23ED97-0EFD-439B-BD42-58FECEC76CFC}.Debug|Any CPU.ActiveCfg = Debug|Any CPU
		{CE23ED97-0EFD-439B-BD42-58FECEC76CFC}.Debug|Any CPU.Build.0 = Debug|Any CPU
		{CE23ED97-0EFD-439B-BD42-58FECEC76CFC}.Release|Any CPU.ActiveCfg = Release|Any CPU
		{CE23ED97-0EFD-439B-BD42-58FECEC76CFC}.Release|Any CPU.Build.0 = Release|Any CPU
	EndGlobalSection
	GlobalSection(SolutionProperties) = preSolution
		HideSolutionNode = FALSE
	EndGlobalSection
	GlobalSection(ExtensibilityGlobals) = postSolution
		SolutionGuid = {B5351ED9-3D84-40BF-828F-36C77D50DA91}
	EndGlobalSection
EndGlobal
